// !$*UTF8*$!
{
	archiveVersion = 1;
	classes = {
	};
	objectVersion = 46;
	objects = {

/* Begin PBXBuildFile section */
		BB20640613A5D7A6008BAD21 /* UIKit.framework in Frameworks */ = {isa = PBXBuildFile; fileRef = BB20640513A5D7A6008BAD21 /* UIKit.framework */; };
		BB20640813A5D7A6008BAD21 /* Foundation.framework in Frameworks */ = {isa = PBXBuildFile; fileRef = BB20640713A5D7A6008BAD21 /* Foundation.framework */; };
		BB20640A13A5D7A6008BAD21 /* CoreGraphics.framework in Frameworks */ = {isa = PBXBuildFile; fileRef = BB20640913A5D7A6008BAD21 /* CoreGraphics.framework */; };
		BB20641013A5D7A6008BAD21 /* InfoPlist.strings in Resources */ = {isa = PBXBuildFile; fileRef = BB20640E13A5D7A6008BAD21 /* InfoPlist.strings */; };
		BB20641313A5D7A6008BAD21 /* main.m in Sources */ = {isa = PBXBuildFile; fileRef = BB20641213A5D7A6008BAD21 /* main.m */; };
		BB20641613A5D7A6008BAD21 /* SoapFactoryAppDelegate.m in Sources */ = {isa = PBXBuildFile; fileRef = BB20641513A5D7A6008BAD21 /* SoapFactoryAppDelegate.m */; };
		BB20641913A5D7A6008BAD21 /* MainWindow.xib in Resources */ = {isa = PBXBuildFile; fileRef = BB20641713A5D7A6008BAD21 /* MainWindow.xib */; };
		BB20641C13A5D7A6008BAD21 /* MainViewController.m in Sources */ = {isa = PBXBuildFile; fileRef = BB20641B13A5D7A6008BAD21 /* MainViewController.m */; };
		BB20641E13A5D7A6008BAD21 /* MainView.xib in Resources */ = {isa = PBXBuildFile; fileRef = BB20641D13A5D7A6008BAD21 /* MainView.xib */; };
		BB20642113A5D7A6008BAD21 /* FlipsideViewController.m in Sources */ = {isa = PBXBuildFile; fileRef = BB20642013A5D7A6008BAD21 /* FlipsideViewController.m */; };
		BB20642313A5D7A6008BAD21 /* FlipsideView.xib in Resources */ = {isa = PBXBuildFile; fileRef = BB20642213A5D7A6008BAD21 /* FlipsideView.xib */; };
/* End PBXBuildFile section */

/* Begin PBXFileReference section */
		BB20640113A5D7A6008BAD21 /* SoapFactory.app */ = {isa = PBXFileReference; explicitFileType = wrapper.application; includeInIndex = 0; path = SoapFactory.app; sourceTree = BUILT_PRODUCTS_DIR; };
		BB20640513A5D7A6008BAD21 /* UIKit.framework */ = {isa = PBXFileReference; lastKnownFileType = wrapper.framework; name = UIKit.framework; path = System/Library/Frameworks/UIKit.framework; sourceTree = SDKROOT; };
		BB20640713A5D7A6008BAD21 /* Foundation.framework */ = {isa = PBXFileReference; lastKnownFileType = wrapper.framework; name = Foundation.framework; path = System/Library/Frameworks/Foundation.framework; sourceTree = SDKROOT; };
		BB20640913A5D7A6008BAD21 /* CoreGraphics.framework */ = {isa = PBXFileReference; lastKnownFileType = wrapper.framework; name = CoreGraphics.framework; path = System/Library/Frameworks/CoreGraphics.framework; sourceTree = SDKROOT; };
		BB20640D13A5D7A6008BAD21 /* SoapFactory-Info.plist */ = {isa = PBXFileReference; lastKnownFileType = text.plist.xml; path = "SoapFactory-Info.plist"; sourceTree = "<group>"; };
		BB20640F13A5D7A6008BAD21 /* en */ = {isa = PBXFileReference; lastKnownFileType = text.plist.strings; name = en; path = en.lproj/InfoPlist.strings; sourceTree = "<group>"; };
		BB20641113A5D7A6008BAD21 /* SoapFactory-Prefix.pch */ = {isa = PBXFileReference; lastKnownFileType = sourcecode.c.h; path = "SoapFactory-Prefix.pch"; sourceTree = "<group>"; };
		BB20641213A5D7A6008BAD21 /* main.m */ = {isa = PBXFileReference; lastKnownFileType = sourcecode.c.objc; path = main.m; sourceTree = "<group>"; };
		BB20641413A5D7A6008BAD21 /* SoapFactoryAppDelegate.h */ = {isa = PBXFileReference; lastKnownFileType = sourcecode.c.h; path = SoapFactoryAppDelegate.h; sourceTree = "<group>"; };
		BB20641513A5D7A6008BAD21 /* SoapFactoryAppDelegate.m */ = {isa = PBXFileReference; lastKnownFileType = sourcecode.c.objc; path = SoapFactoryAppDelegate.m; sourceTree = "<group>"; };
		BB20641813A5D7A6008BAD21 /* en */ = {isa = PBXFileReference; lastKnownFileType = file.xib; name = en; path = en.lproj/MainWindow.xib; sourceTree = "<group>"; };
		BB20641A13A5D7A6008BAD21 /* MainViewController.h */ = {isa = PBXFileReference; lastKnownFileType = sourcecode.c.h; path = MainViewController.h; sourceTree = "<group>"; };
		BB20641B13A5D7A6008BAD21 /* MainViewController.m */ = {isa = PBXFileReference; lastKnownFileType = sourcecode.c.objc; path = MainViewController.m; sourceTree = "<group>"; };
		BB20641D13A5D7A6008BAD21 /* MainView.xib */ = {isa = PBXFileReference; lastKnownFileType = file.xib; path = MainView.xib; sourceTree = "<group>"; };
		BB20641F13A5D7A6008BAD21 /* FlipsideViewController.h */ = {isa = PBXFileReference; lastKnownFileType = sourcecode.c.h; path = FlipsideViewController.h; sourceTree = "<group>"; };
		BB20642013A5D7A6008BAD21 /* FlipsideViewController.m */ = {isa = PBXFileReference; lastKnownFileType = sourcecode.c.objc; path = FlipsideViewController.m; sourceTree = "<group>"; };
		BB20642213A5D7A6008BAD21 /* FlipsideView.xib */ = {isa = PBXFileReference; lastKnownFileType = file.xib; path = FlipsideView.xib; sourceTree = "<group>"; };
/* End PBXFileReference section */

/* Begin PBXFrameworksBuildPhase section */
		BB2063FE13A5D7A6008BAD21 /* Frameworks */ = {
			isa = PBXFrameworksBuildPhase;
			buildActionMask = 2147483647;
			files = (
				BB20640613A5D7A6008BAD21 /* UIKit.framework in Frameworks */,
				BB20640813A5D7A6008BAD21 /* Foundation.framework in Frameworks */,
				BB20640A13A5D7A6008BAD21 /* CoreGraphics.framework in Frameworks */,
			);
			runOnlyForDeploymentPostprocessing = 0;
		};
/* End PBXFrameworksBuildPhase section */

/* Begin PBXGroup section */
		BB2063F613A5D7A6008BAD21 = {
			isa = PBXGroup;
			children = (
				BB20640B13A5D7A6008BAD21 /* SoapFactory */,
				BB20640413A5D7A6008BAD21 /* Frameworks */,
				BB20640213A5D7A6008BAD21 /* Products */,
			);
			sourceTree = "<group>";
		};
		BB20640213A5D7A6008BAD21 /* Products */ = {
			isa = PBXGroup;
			children = (
				BB20640113A5D7A6008BAD21 /* SoapFactory.app */,
			);
			name = Products;
			sourceTree = "<group>";
		};
		BB20640413A5D7A6008BAD21 /* Frameworks */ = {
			isa = PBXGroup;
			children = (
				BB20640513A5D7A6008BAD21 /* UIKit.framework */,
				BB20640713A5D7A6008BAD21 /* Foundation.framework */,
				BB20640913A5D7A6008BAD21 /* CoreGraphics.framework */,
			);
			name = Frameworks;
			sourceTree = "<group>";
		};
		BB20640B13A5D7A6008BAD21 /* SoapFactory */ = {
			isa = PBXGroup;
			children = (
				BB20641413A5D7A6008BAD21 /* SoapFactoryAppDelegate.h */,
				BB20641513A5D7A6008BAD21 /* SoapFactoryAppDelegate.m */,
				BB20641713A5D7A6008BAD21 /* MainWindow.xib */,
				BB20641A13A5D7A6008BAD21 /* MainViewController.h */,
				BB20641B13A5D7A6008BAD21 /* MainViewController.m */,
				BB20641D13A5D7A6008BAD21 /* MainView.xib */,
				BB20641F13A5D7A6008BAD21 /* FlipsideViewController.h */,
				BB20642013A5D7A6008BAD21 /* FlipsideViewController.m */,
				BB20642213A5D7A6008BAD21 /* FlipsideView.xib */,
				BB20640C13A5D7A6008BAD21 /* Supporting Files */,
			);
			path = SoapFactory;
			sourceTree = "<group>";
		};
		BB20640C13A5D7A6008BAD21 /* Supporting Files */ = {
			isa = PBXGroup;
			children = (
				BB20640D13A5D7A6008BAD21 /* SoapFactory-Info.plist */,
				BB20640E13A5D7A6008BAD21 /* InfoPlist.strings */,
				BB20641113A5D7A6008BAD21 /* SoapFactory-Prefix.pch */,
				BB20641213A5D7A6008BAD21 /* main.m */,
			);
			name = "Supporting Files";
			sourceTree = "<group>";
		};
/* End PBXGroup section */

/* Begin PBXNativeTarget section */
		BB20640013A5D7A6008BAD21 /* SoapFactory */ = {
			isa = PBXNativeTarget;
			buildConfigurationList = BB20642613A5D7A6008BAD21 /* Build configuration list for PBXNativeTarget "SoapFactory" */;
			buildPhases = (
				BB2063FD13A5D7A6008BAD21 /* Sources */,
				BB2063FE13A5D7A6008BAD21 /* Frameworks */,
				BB2063FF13A5D7A6008BAD21 /* Resources */,
			);
			buildRules = (
			);
			dependencies = (
			);
			name = SoapFactory;
			productName = SoapFactory;
			productReference = BB20640113A5D7A6008BAD21 /* SoapFactory.app */;
			productType = "com.apple.product-type.application";
		};
/* End PBXNativeTarget section */

/* Begin PBXProject section */
		BB2063F813A5D7A6008BAD21 /* Project object */ = {
			isa = PBXProject;
			attributes = {
				ORGANIZATIONNAME = TripAdvisor;
			};
			buildConfigurationList = BB2063FB13A5D7A6008BAD21 /* Build configuration list for PBXProject "SoapFactory" */;
			compatibilityVersion = "Xcode 3.2";
			developmentRegion = English;
			hasScannedForEncodings = 0;
			knownRegions = (
				en,
			);
			mainGroup = BB2063F613A5D7A6008BAD21;
			productRefGroup = BB20640213A5D7A6008BAD21 /* Products */;
			projectDirPath = "";
			projectRoot = "";
			targets = (
				BB20640013A5D7A6008BAD21 /* SoapFactory */,
			);
		};
/* End PBXProject section */

/* Begin PBXResourcesBuildPhase section */
		BB2063FF13A5D7A6008BAD21 /* Resources */ = {
			isa = PBXResourcesBuildPhase;
			buildActionMask = 2147483647;
			files = (
				BB20641013A5D7A6008BAD21 /* InfoPlist.strings in Resources */,
				BB20641913A5D7A6008BAD21 /* MainWindow.xib in Resources */,
				BB20641E13A5D7A6008BAD21 /* MainView.xib in Resources */,
				BB20642313A5D7A6008BAD21 /* FlipsideView.xib in Resources */,
			);
			runOnlyForDeploymentPostprocessing = 0;
		};
/* End PBXResourcesBuildPhase section */

/* Begin PBXSourcesBuildPhase section */
		BB2063FD13A5D7A6008BAD21 /* Sources */ = {
			isa = PBXSourcesBuildPhase;
			buildActionMask = 2147483647;
			files = (
				BB20641313A5D7A6008BAD21 /* main.m in Sources */,
				BB20641613A5D7A6008BAD21 /* SoapFactoryAppDelegate.m in Sources */,
				BB20641C13A5D7A6008BAD21 /* MainViewController.m in Sources */,
				BB20642113A5D7A6008BAD21 /* FlipsideViewController.m in Sources */,
			);
			runOnlyForDeploymentPostprocessing = 0;
		};
/* End PBXSourcesBuildPhase section */

/* Begin PBXVariantGroup section */
		BB20640E13A5D7A6008BAD21 /* InfoPlist.strings */ = {
			isa = PBXVariantGroup;
			children = (
				BB20640F13A5D7A6008BAD21 /* en */,
			);
			name = InfoPlist.strings;
			sourceTree = "<group>";
		};
		BB20641713A5D7A6008BAD21 /* MainWindow.xib */ = {
			isa = PBXVariantGroup;
			children = (
				BB20641813A5D7A6008BAD21 /* en */,
			);
			name = MainWindow.xib;
			sourceTree = "<group>";
		};
/* End PBXVariantGroup section */

/* Begin XCBuildConfiguration section */
		BB20642413A5D7A6008BAD21 /* Debug */ = {
			isa = XCBuildConfiguration;
			buildSettings = {
				ARCHS = "$(ARCHS_STANDARD_32_BIT)";
				"CODE_SIGN_IDENTITY[sdk=iphoneos*]" = "iPhone Developer";
				GCC_C_LANGUAGE_STANDARD = gnu99;
				GCC_OPTIMIZATION_LEVEL = 0;
				GCC_PREPROCESSOR_DEFINITIONS = DEBUG;
				GCC_SYMBOLS_PRIVATE_EXTERN = NO;
				GCC_VERSION = com.apple.compilers.llvmgcc42;
				GCC_WARN_ABOUT_RETURN_TYPE = YES;
				GCC_WARN_UNUSED_VARIABLE = YES;
				IPHONEOS_DEPLOYMENT_TARGET = 4.3;
				SDKROOT = iphoneos;
			};
			name = Debug;
		};
		BB20642513A5D7A6008BAD21 /* Release */ = {
			isa = XCBuildConfiguration;
			buildSettings = {
				ARCHS = "$(ARCHS_STANDARD_32_BIT)";
				"CODE_SIGN_IDENTITY[sdk=iphoneos*]" = "iPhone Developer";
				GCC_C_LANGUAGE_STANDARD = gnu99;
				GCC_VERSION = com.apple.compilers.llvmgcc42;
				GCC_WARN_ABOUT_RETURN_TYPE = YES;
				GCC_WARN_UNUSED_VARIABLE = YES;
				IPHONEOS_DEPLOYMENT_TARGET = 4.3;
				OTHER_CFLAGS = "-DNS_BLOCK_ASSERTIONS=1";
				SDKROOT = iphoneos;
			};
			name = Release;
		};
		BB20642713A5D7A6008BAD21 /* Debug */ = {
			isa = XCBuildConfiguration;
			buildSettings = {
				ALWAYS_SEARCH_USER_PATHS = NO;
				COPY_PHASE_STRIP = NO;
				GCC_DYNAMIC_NO_PIC = NO;
				GCC_PRECOMPILE_PREFIX_HEADER = YES;
				GCC_PREFIX_HEADER = "SoapFactory/SoapFactory-Prefix.pch";
				INFOPLIST_FILE = "SoapFactory/SoapFactory-Info.plist";
				PRODUCT_NAME = "$(TARGET_NAME)";
				WRAPPER_EXTENSION = app;
			};
			name = Debug;
		};
		BB20642813A5D7A6008BAD21 /* Release */ = {
			isa = XCBuildConfiguration;
			buildSettings = {
				ALWAYS_SEARCH_USER_PATHS = NO;
				COPY_PHASE_STRIP = YES;
				GCC_PRECOMPILE_PREFIX_HEADER = YES;
				GCC_PREFIX_HEADER = "SoapFactory/SoapFactory-Prefix.pch";
				INFOPLIST_FILE = "SoapFactory/SoapFactory-Info.plist";
				PRODUCT_NAME = "$(TARGET_NAME)";
				VALIDATE_PRODUCT = YES;
				WRAPPER_EXTENSION = app;
			};
			name = Release;
		};
/* End XCBuildConfiguration section */

/* Begin XCConfigurationList section */
		BB2063FB13A5D7A6008BAD21 /* Build configuration list for PBXProject "SoapFactory" */ = {
			isa = XCConfigurationList;
			buildConfigurations = (
				BB20642413A5D7A6008BAD21 /* Debug */,
				BB20642513A5D7A6008BAD21 /* Release */,
			);
			defaultConfigurationIsVisible = 0;
			defaultConfigurationName = Release;
		};
		BB20642613A5D7A6008BAD21 /* Build configuration list for PBXNativeTarget "SoapFactory" */ = {
			isa = XCConfigurationList;
			buildConfigurations = (
				BB20642713A5D7A6008BAD21 /* Debug */,
				BB20642813A5D7A6008BAD21 /* Release */,
			);
			defaultConfigurationIsVisible = 0;
		};
/* End XCConfigurationList section */
	};
	rootObject = BB2063F813A5D7A6008BAD21 /* Project object */;
}
