// !$*UTF8*$!
{
	archiveVersion = 1;
	classes = {
	};
	objectVersion = 46;
	objects = {

/* Begin PBXBuildFile section */
		BB1C09CB13A5D52700DB8635 /* UIKit.framework in Frameworks */ = {isa = PBXBuildFile; fileRef = BB1C09CA13A5D52700DB8635 /* UIKit.framework */; };
		BB1C09CD13A5D52700DB8635 /* Foundation.framework in Frameworks */ = {isa = PBXBuildFile; fileRef = BB1C09CC13A5D52700DB8635 /* Foundation.framework */; };
		BB1C09CF13A5D52700DB8635 /* CoreGraphics.framework in Frameworks */ = {isa = PBXBuildFile; fileRef = BB1C09CE13A5D52700DB8635 /* CoreGraphics.framework */; };
		BB1C09D513A5D52700DB8635 /* InfoPlist.strings in Resources */ = {isa = PBXBuildFile; fileRef = BB1C09D313A5D52700DB8635 /* InfoPlist.strings */; };
		BB1C09D813A5D52700DB8635 /* main.m in Sources */ = {isa = PBXBuildFile; fileRef = BB1C09D713A5D52700DB8635 /* main.m */; };
		BB1C09DB13A5D52700DB8635 /* Soap_FactoryAppDelegate.m in Sources */ = {isa = PBXBuildFile; fileRef = BB1C09DA13A5D52700DB8635 /* Soap_FactoryAppDelegate.m */; };
		BB1C09DE13A5D52700DB8635 /* MainWindow.xib in Resources */ = {isa = PBXBuildFile; fileRef = BB1C09DC13A5D52700DB8635 /* MainWindow.xib */; };
		BB1C09E113A5D52700DB8635 /* MainViewController.m in Sources */ = {isa = PBXBuildFile; fileRef = BB1C09E013A5D52700DB8635 /* MainViewController.m */; };
		BB1C09E313A5D52700DB8635 /* MainView.xib in Resources */ = {isa = PBXBuildFile; fileRef = BB1C09E213A5D52700DB8635 /* MainView.xib */; };
		BB1C09E613A5D52700DB8635 /* FlipsideViewController.m in Sources */ = {isa = PBXBuildFile; fileRef = BB1C09E513A5D52700DB8635 /* FlipsideViewController.m */; };
		BB1C09E813A5D52700DB8635 /* FlipsideView.xib in Resources */ = {isa = PBXBuildFile; fileRef = BB1C09E713A5D52700DB8635 /* FlipsideView.xib */; };
/* End PBXBuildFile section */

/* Begin PBXFileReference section */
		BB1C09C613A5D52700DB8635 /* Soap Factory.app */ = {isa = PBXFileReference; explicitFileType = wrapper.application; includeInIndex = 0; path = "Soap Factory.app"; sourceTree = BUILT_PRODUCTS_DIR; };
		BB1C09CA13A5D52700DB8635 /* UIKit.framework */ = {isa = PBXFileReference; lastKnownFileType = wrapper.framework; name = UIKit.framework; path = System/Library/Frameworks/UIKit.framework; sourceTree = SDKROOT; };
		BB1C09CC13A5D52700DB8635 /* Foundation.framework */ = {isa = PBXFileReference; lastKnownFileType = wrapper.framework; name = Foundation.framework; path = System/Library/Frameworks/Foundation.framework; sourceTree = SDKROOT; };
		BB1C09CE13A5D52700DB8635 /* CoreGraphics.framework */ = {isa = PBXFileReference; lastKnownFileType = wrapper.framework; name = CoreGraphics.framework; path = System/Library/Frameworks/CoreGraphics.framework; sourceTree = SDKROOT; };
		BB1C09D213A5D52700DB8635 /* Soap Factory-Info.plist */ = {isa = PBXFileReference; path = "Soap Factory-Info.plist"; sourceTree = "<group>"; };
		BB1C09D413A5D52700DB8635 /* en */ = {isa = PBXFileReference; lastKnownFileType = text.plist.strings; name = en; path = en.lproj/InfoPlist.strings; sourceTree = "<group>"; };
		BB1C09D613A5D52700DB8635 /* Soap Factory-Prefix.pch */ = {isa = PBXFileReference; path = "Soap Factory-Prefix.pch"; sourceTree = "<group>"; };
		BB1C09D713A5D52700DB8635 /* main.m */ = {isa = PBXFileReference; lastKnownFileType = sourcecode.c.objc; path = main.m; sourceTree = "<group>"; };
		BB1C09D913A5D52700DB8635 /* Soap_FactoryAppDelegate.h */ = {isa = PBXFileReference; path = Soap_FactoryAppDelegate.h; sourceTree = "<group>"; };
		BB1C09DA13A5D52700DB8635 /* Soap_FactoryAppDelegate.m */ = {isa = PBXFileReference; lastKnownFileType = sourcecode.c.objc; path = Soap_FactoryAppDelegate.m; sourceTree = "<group>"; };
		BB1C09DD13A5D52700DB8635 /* en */ = {isa = PBXFileReference; lastKnownFileType = file.xib; name = en; path = en.lproj/MainWindow.xib; sourceTree = "<group>"; };
		BB1C09DF13A5D52700DB8635 /* MainViewController.h */ = {isa = PBXFileReference; path = MainViewController.h; sourceTree = "<group>"; };
		BB1C09E013A5D52700DB8635 /* MainViewController.m */ = {isa = PBXFileReference; lastKnownFileType = sourcecode.c.objc; path = MainViewController.m; sourceTree = "<group>"; };
		BB1C09E213A5D52700DB8635 /* MainView.xib */ = {isa = PBXFileReference; lastKnownFileType = file.xib; path = MainView.xib; sourceTree = "<group>"; };
		BB1C09E413A5D52700DB8635 /* FlipsideViewController.h */ = {isa = PBXFileReference; path = FlipsideViewController.h; sourceTree = "<group>"; };
		BB1C09E513A5D52700DB8635 /* FlipsideViewController.m */ = {isa = PBXFileReference; lastKnownFileType = sourcecode.c.objc; path = FlipsideViewController.m; sourceTree = "<group>"; };
		BB1C09E713A5D52700DB8635 /* FlipsideView.xib */ = {isa = PBXFileReference; lastKnownFileType = file.xib; path = FlipsideView.xib; sourceTree = "<group>"; };
/* End PBXFileReference section */

/* Begin PBXFrameworksBuildPhase section */
		BB1C09C313A5D52700DB8635 /* Frameworks */ = {
			isa = PBXFrameworksBuildPhase;
			buildActionMask = 2147483647;
			files = (
				BB1C09CB13A5D52700DB8635 /* UIKit.framework in Frameworks */,
				BB1C09CD13A5D52700DB8635 /* Foundation.framework in Frameworks */,
				BB1C09CF13A5D52700DB8635 /* CoreGraphics.framework in Frameworks */,
			);
			runOnlyForDeploymentPostprocessing = 0;
		};
/* End PBXFrameworksBuildPhase section */

/* Begin PBXGroup section */
		BB1C09BB13A5D52700DB8635 = {
			isa = PBXGroup;
			children = (
				BB1C09D013A5D52700DB8635 /* Soap Factory */,
				BB1C09C913A5D52700DB8635 /* Frameworks */,
				BB1C09C713A5D52700DB8635 /* Products */,
			);
			sourceTree = "<group>";
		};
		BB1C09C713A5D52700DB8635 /* Products */ = {
			isa = PBXGroup;
			children = (
				BB1C09C613A5D52700DB8635 /* Soap Factory.app */,
			);
			name = Products;
			sourceTree = "<group>";
		};
		BB1C09C913A5D52700DB8635 /* Frameworks */ = {
			isa = PBXGroup;
			children = (
				BB1C09CA13A5D52700DB8635 /* UIKit.framework */,
				BB1C09CC13A5D52700DB8635 /* Foundation.framework */,
				BB1C09CE13A5D52700DB8635 /* CoreGraphics.framework */,
			);
			name = Frameworks;
			sourceTree = "<group>";
		};
		BB1C09D013A5D52700DB8635 /* Soap Factory */ = {
			isa = PBXGroup;
			children = (
				BB1C09D913A5D52700DB8635 /* Soap_FactoryAppDelegate.h */,
				BB1C09DA13A5D52700DB8635 /* Soap_FactoryAppDelegate.m */,
				BB1C09DC13A5D52700DB8635 /* MainWindow.xib */,
				BB1C09DF13A5D52700DB8635 /* MainViewController.h */,
				BB1C09E013A5D52700DB8635 /* MainViewController.m */,
				BB1C09E213A5D52700DB8635 /* MainView.xib */,
				BB1C09E413A5D52700DB8635 /* FlipsideViewController.h */,
				BB1C09E513A5D52700DB8635 /* FlipsideViewController.m */,
				BB1C09E713A5D52700DB8635 /* FlipsideView.xib */,
				BB1C09D113A5D52700DB8635 /* Supporting Files */,
			);
			path = "Soap Factory";
			sourceTree = "<group>";
		};
		BB1C09D113A5D52700DB8635 /* Supporting Files */ = {
			isa = PBXGroup;
			children = (
				BB1C09D213A5D52700DB8635 /* Soap Factory-Info.plist */,
				BB1C09D313A5D52700DB8635 /* InfoPlist.strings */,
				BB1C09D613A5D52700DB8635 /* Soap Factory-Prefix.pch */,
				BB1C09D713A5D52700DB8635 /* main.m */,
			);
			name = "Supporting Files";
			sourceTree = "<group>";
		};
/* End PBXGroup section */

/* Begin PBXNativeTarget section */
		BB1C09C513A5D52700DB8635 /* Soap Factory */ = {
			isa = PBXNativeTarget;
			buildConfigurationList = BB1C09EB13A5D52700DB8635 /* Build configuration list for PBXNativeTarget "Soap Factory" */;
			buildPhases = (
				BB1C09C213A5D52700DB8635 /* Sources */,
				BB1C09C313A5D52700DB8635 /* Frameworks */,
				BB1C09C413A5D52700DB8635 /* Resources */,
			);
			buildRules = (
			);
			dependencies = (
			);
			name = "Soap Factory";
			productName = "Soap Factory";
			productReference = BB1C09C613A5D52700DB8635 /* Soap Factory.app */;
			productType = "com.apple.product-type.application";
		};
/* End PBXNativeTarget section */

/* Begin PBXProject section */
		BB1C09BD13A5D52700DB8635 /* Project object */ = {
			isa = PBXProject;
			attributes = {
				ORGANIZATIONNAME = TripAdvisor;
			};
			buildConfigurationList = BB1C09C013A5D52700DB8635 /* Build configuration list for PBXProject "Soap Factory" */;
			compatibilityVersion = "Xcode 3.2";
			developmentRegion = English;
			hasScannedForEncodings = 0;
			knownRegions = (
				en,
			);
			mainGroup = BB1C09BB13A5D52700DB8635;
			productRefGroup = BB1C09C713A5D52700DB8635 /* Products */;
			projectDirPath = "";
			projectRoot = "";
			targets = (
				BB1C09C513A5D52700DB8635 /* Soap Factory */,
			);
		};
/* End PBXProject section */

/* Begin PBXResourcesBuildPhase section */
		BB1C09C413A5D52700DB8635 /* Resources */ = {
			isa = PBXResourcesBuildPhase;
			buildActionMask = 2147483647;
			files = (
				BB1C09D513A5D52700DB8635 /* InfoPlist.strings in Resources */,
				BB1C09DE13A5D52700DB8635 /* MainWindow.xib in Resources */,
				BB1C09E313A5D52700DB8635 /* MainView.xib in Resources */,
				BB1C09E813A5D52700DB8635 /* FlipsideView.xib in Resources */,
			);
			runOnlyForDeploymentPostprocessing = 0;
		};
/* End PBXResourcesBuildPhase section */

/* Begin PBXSourcesBuildPhase section */
		BB1C09C213A5D52700DB8635 /* Sources */ = {
			isa = PBXSourcesBuildPhase;
			buildActionMask = 2147483647;
			files = (
				BB1C09D813A5D52700DB8635 /* main.m in Sources */,
				BB1C09DB13A5D52700DB8635 /* Soap_FactoryAppDelegate.m in Sources */,
				BB1C09E113A5D52700DB8635 /* MainViewController.m in Sources */,
				BB1C09E613A5D52700DB8635 /* FlipsideViewController.m in Sources */,
			);
			runOnlyForDeploymentPostprocessing = 0;
		};
/* End PBXSourcesBuildPhase section */

/* Begin PBXVariantGroup section */
		BB1C09D313A5D52700DB8635 /* InfoPlist.strings */ = {
			isa = PBXVariantGroup;
			children = (
				BB1C09D413A5D52700DB8635 /* en */,
			);
			name = InfoPlist.strings;
			sourceTree = "<group>";
		};
		BB1C09DC13A5D52700DB8635 /* MainWindow.xib */ = {
			isa = PBXVariantGroup;
			children = (
				BB1C09DD13A5D52700DB8635 /* en */,
			);
			name = MainWindow.xib;
			sourceTree = "<group>";
		};
/* End PBXVariantGroup section */

/* Begin XCBuildConfiguration section */
		BB1C09E913A5D52700DB8635 /* Debug */ = {
			isa = XCBuildConfiguration;
			buildSettings = {
				ARCHS = "$(ARCHS_STANDARD_32_BIT)";
				"CODE_SIGN_IDENTITY[sdk=iphoneos*]" = "iPhone Developer";
				GCC_C_LANGUAGE_STANDARD = gnu99;
				GCC_OPTIMIZATION_LEVEL = 0;
				GCC_PREPROCESSOR_DEFINITIONS = DEBUG;
				GCC_SYMBOLS_PRIVATE_EXTERN = NO;
				GCC_VERSION = com.apple.compilers.llvmgcc42;
				GCC_WARN_ABOUT_RETURN_TYPE = YES;
				GCC_WARN_UNUSED_VARIABLE = YES;
				IPHONEOS_DEPLOYMENT_TARGET = 4.3;
				SDKROOT = iphoneos;
			};
			name = Debug;
		};
		BB1C09EA13A5D52700DB8635 /* Release */ = {
			isa = XCBuildConfiguration;
			buildSettings = {
				ARCHS = "$(ARCHS_STANDARD_32_BIT)";
				"CODE_SIGN_IDENTITY[sdk=iphoneos*]" = "iPhone Developer";
				GCC_C_LANGUAGE_STANDARD = gnu99;
				GCC_VERSION = com.apple.compilers.llvmgcc42;
				GCC_WARN_ABOUT_RETURN_TYPE = YES;
				GCC_WARN_UNUSED_VARIABLE = YES;
				IPHONEOS_DEPLOYMENT_TARGET = 4.3;
				OTHER_CFLAGS = "-DNS_BLOCK_ASSERTIONS=1";
				SDKROOT = iphoneos;
			};
			name = Release;
		};
		BB1C09EC13A5D52700DB8635 /* Debug */ = {
			isa = XCBuildConfiguration;
			buildSettings = {
				ALWAYS_SEARCH_USER_PATHS = NO;
				COPY_PHASE_STRIP = NO;
				GCC_DYNAMIC_NO_PIC = NO;
				GCC_PRECOMPILE_PREFIX_HEADER = YES;
				GCC_PREFIX_HEADER = "Soap Factory/Soap Factory-Prefix.pch";
				INFOPLIST_FILE = "Soap Factory/Soap Factory-Info.plist";
				PRODUCT_NAME = "$(TARGET_NAME)";
				WRAPPER_EXTENSION = app;
			};
			name = Debug;
		};
		BB1C09ED13A5D52700DB8635 /* Release */ = {
			isa = XCBuildConfiguration;
			buildSettings = {
				ALWAYS_SEARCH_USER_PATHS = NO;
				COPY_PHASE_STRIP = YES;
				GCC_PRECOMPILE_PREFIX_HEADER = YES;
				GCC_PREFIX_HEADER = "Soap Factory/Soap Factory-Prefix.pch";
				INFOPLIST_FILE = "Soap Factory/Soap Factory-Info.plist";
				PRODUCT_NAME = "$(TARGET_NAME)";
				VALIDATE_PRODUCT = YES;
				WRAPPER_EXTENSION = app;
			};
			name = Release;
		};
/* End XCBuildConfiguration section */

/* Begin XCConfigurationList section */
		BB1C09C013A5D52700DB8635 /* Build configuration list for PBXProject "Soap Factory" */ = {
			isa = XCConfigurationList;
			buildConfigurations = (
				BB1C09E913A5D52700DB8635 /* Debug */,
				BB1C09EA13A5D52700DB8635 /* Release */,
			);
			defaultConfigurationIsVisible = 0;
			defaultConfigurationName = Release;
		};
		BB1C09EB13A5D52700DB8635 /* Build configuration list for PBXNativeTarget "Soap Factory" */ = {
			isa = XCConfigurationList;
			buildConfigurations = (
				BB1C09EC13A5D52700DB8635 /* Debug */,
				BB1C09ED13A5D52700DB8635 /* Release */,
			);
			defaultConfigurationIsVisible = 0;
		};
/* End XCConfigurationList section */
	};
	rootObject = BB1C09BD13A5D52700DB8635 /* Project object */;
}
