// !$*UTF8*$!
{
	archiveVersion = 1;
	classes = {
	};
	objectVersion = 45;
	objects = {

/* Begin PBXBuildFile section */
		5AAA7D80132A004900BFB384 /* TSharedProcessorFactory.m in Sources */ = {isa = PBXBuildFile; fileRef = 5AAA7D5E132A004900BFB384 /* TSharedProcessorFactory.m */; };
		5AAA7D81132A004900BFB384 /* TSharedProcessorFactory.h in Headers */ = {isa = PBXBuildFile; fileRef = 5AAA7D5F132A004900BFB384 /* TSharedProcessorFactory.h */; };
		5AAA7D82132A004900BFB384 /* THTTPClient.h in Headers */ = {isa = PBXBuildFile; fileRef = 5AAA7D61132A004900BFB384 /* THTTPClient.h */; };
		5AAA7D83132A004900BFB384 /* THTTPClient.m in Sources */ = {isa = PBXBuildFile; fileRef = 5AAA7D62132A004900BFB384 /* THTTPClient.m */; };
		5AAA7D84132A004900BFB384 /* TMemoryBuffer.h in Headers */ = {isa = PBXBuildFile; fileRef = 5AAA7D63132A004900BFB384 /* TMemoryBuffer.h */; };
		5AAA7D85132A004900BFB384 /* TMemoryBuffer.m in Sources */ = {isa = PBXBuildFile; fileRef = 5AAA7D64132A004900BFB384 /* TMemoryBuffer.m */; };
		5AAA7D86132A004900BFB384 /* TNSFileHandleTransport.h in Headers */ = {isa = PBXBuildFile; fileRef = 5AAA7D65132A004900BFB384 /* TNSFileHandleTransport.h */; };
		5AAA7D87132A004900BFB384 /* TNSFileHandleTransport.m in Sources */ = {isa = PBXBuildFile; fileRef = 5AAA7D66132A004900BFB384 /* TNSFileHandleTransport.m */; };
		5AAA7D88132A004900BFB384 /* TNSStreamTransport.h in Headers */ = {isa = PBXBuildFile; fileRef = 5AAA7D67132A004900BFB384 /* TNSStreamTransport.h */; };
		5AAA7D89132A004900BFB384 /* TNSStreamTransport.m in Sources */ = {isa = PBXBuildFile; fileRef = 5AAA7D68132A004900BFB384 /* TNSStreamTransport.m */; };
		5AAA7D8A132A004900BFB384 /* TSocketClient.h in Headers */ = {isa = PBXBuildFile; fileRef = 5AAA7D69132A004900BFB384 /* TSocketClient.h */; };
		5AAA7D8B132A004900BFB384 /* TSocketClient.m in Sources */ = {isa = PBXBuildFile; fileRef = 5AAA7D6A132A004900BFB384 /* TSocketClient.m */; };
		5AAA7D8C132A004900BFB384 /* TTransport.h in Headers */ = {isa = PBXBuildFile; fileRef = 5AAA7D6B132A004900BFB384 /* TTransport.h */; };
		5AAA7D8D132A004900BFB384 /* TTransportException.h in Headers */ = {isa = PBXBuildFile; fileRef = 5AAA7D6C132A004900BFB384 /* TTransportException.h */; };
		5AAA7D8E132A004900BFB384 /* TTransportException.m in Sources */ = {isa = PBXBuildFile; fileRef = 5AAA7D6D132A004900BFB384 /* TTransportException.m */; };
		5AAA7D8F132A004900BFB384 /* TProcessorFactory.h in Headers */ = {isa = PBXBuildFile; fileRef = 5AAA7D6E132A004900BFB384 /* TProcessorFactory.h */; };
		5AAA7D90132A004900BFB384 /* TProcessor.h in Headers */ = {isa = PBXBuildFile; fileRef = 5AAA7D6F132A004900BFB384 /* TProcessor.h */; };
		5AAA7D91132A004900BFB384 /* TException.m in Sources */ = {isa = PBXBuildFile; fileRef = 5AAA7D70132A004900BFB384 /* TException.m */; };
		5AAA7D92132A004900BFB384 /* TException.h in Headers */ = {isa = PBXBuildFile; fileRef = 5AAA7D71132A004900BFB384 /* TException.h */; };
		5AAA7D93132A004900BFB384 /* TApplicationException.m in Sources */ = {isa = PBXBuildFile; fileRef = 5AAA7D72132A004900BFB384 /* TApplicationException.m */; };
		5AAA7D94132A004900BFB384 /* TApplicationException.h in Headers */ = {isa = PBXBuildFile; fileRef = 5AAA7D73132A004900BFB384 /* TApplicationException.h */; };
		5AAA7D97132A004900BFB384 /* TBinaryProtocol.h in Headers */ = {isa = PBXBuildFile; fileRef = 5AAA7D78132A004900BFB384 /* TBinaryProtocol.h */; };
		5AAA7D98132A004900BFB384 /* TBinaryProtocol.m in Sources */ = {isa = PBXBuildFile; fileRef = 5AAA7D79132A004900BFB384 /* TBinaryProtocol.m */; };
		5AAA7D99132A004900BFB384 /* TProtocol.h in Headers */ = {isa = PBXBuildFile; fileRef = 5AAA7D7A132A004900BFB384 /* TProtocol.h */; };
		5AAA7D9A132A004900BFB384 /* TProtocolException.h in Headers */ = {isa = PBXBuildFile; fileRef = 5AAA7D7B132A004900BFB384 /* TProtocolException.h */; };
		5AAA7D9B132A004900BFB384 /* TProtocolException.m in Sources */ = {isa = PBXBuildFile; fileRef = 5AAA7D7C132A004900BFB384 /* TProtocolException.m */; };
		5AAA7D9C132A004900BFB384 /* TProtocolFactory.h in Headers */ = {isa = PBXBuildFile; fileRef = 5AAA7D7D132A004900BFB384 /* TProtocolFactory.h */; };
		5AAA7D9D132A004900BFB384 /* TProtocolUtil.h in Headers */ = {isa = PBXBuildFile; fileRef = 5AAA7D7E132A004900BFB384 /* TProtocolUtil.h */; };
		5AAA7D9E132A004900BFB384 /* TProtocolUtil.m in Sources */ = {isa = PBXBuildFile; fileRef = 5AAA7D7F132A004900BFB384 /* TProtocolUtil.m */; };
		5AAA7DA9132A00D000BFB384 /* TSharedProcessorFactory.h in Headers */ = {isa = PBXBuildFile; fileRef = 5AAA7D5F132A004900BFB384 /* TSharedProcessorFactory.h */; };
		5AAA7DAA132A00D000BFB384 /* THTTPClient.h in Headers */ = {isa = PBXBuildFile; fileRef = 5AAA7D61132A004900BFB384 /* THTTPClient.h */; };
		5AAA7DAB132A00D000BFB384 /* TMemoryBuffer.h in Headers */ = {isa = PBXBuildFile; fileRef = 5AAA7D63132A004900BFB384 /* TMemoryBuffer.h */; };
		5AAA7DAC132A00D000BFB384 /* TNSFileHandleTransport.h in Headers */ = {isa = PBXBuildFile; fileRef = 5AAA7D65132A004900BFB384 /* TNSFileHandleTransport.h */; };
		5AAA7DAD132A00D000BFB384 /* TNSStreamTransport.h in Headers */ = {isa = PBXBuildFile; fileRef = 5AAA7D67132A004900BFB384 /* TNSStreamTransport.h */; };
		5AAA7DAE132A00D000BFB384 /* TSocketClient.h in Headers */ = {isa = PBXBuildFile; fileRef = 5AAA7D69132A004900BFB384 /* TSocketClient.h */; };
		5AAA7DAF132A00D000BFB384 /* TTransport.h in Headers */ = {isa = PBXBuildFile; fileRef = 5AAA7D6B132A004900BFB384 /* TTransport.h */; };
		5AAA7DB0132A00D000BFB384 /* TTransportException.h in Headers */ = {isa = PBXBuildFile; fileRef = 5AAA7D6C132A004900BFB384 /* TTransportException.h */; };
		5AAA7DB1132A00D000BFB384 /* TProcessorFactory.h in Headers */ = {isa = PBXBuildFile; fileRef = 5AAA7D6E132A004900BFB384 /* TProcessorFactory.h */; };
		5AAA7DB2132A00D000BFB384 /* TProcessor.h in Headers */ = {isa = PBXBuildFile; fileRef = 5AAA7D6F132A004900BFB384 /* TProcessor.h */; };
		5AAA7DB3132A00D000BFB384 /* TException.h in Headers */ = {isa = PBXBuildFile; fileRef = 5AAA7D71132A004900BFB384 /* TException.h */; };
		5AAA7DB4132A00D000BFB384 /* TApplicationException.h in Headers */ = {isa = PBXBuildFile; fileRef = 5AAA7D73132A004900BFB384 /* TApplicationException.h */; };
		5AAA7DB5132A00D000BFB384 /* TSocketServer.h in Headers */ = {isa = PBXBuildFile; fileRef = 5AAA7D75132A004900BFB384 /* TSocketServer.h */; };
		5AAA7DB6132A00D000BFB384 /* TBinaryProtocol.h in Headers */ = {isa = PBXBuildFile; fileRef = 5AAA7D78132A004900BFB384 /* TBinaryProtocol.h */; };
		5AAA7DB7132A00D000BFB384 /* TProtocol.h in Headers */ = {isa = PBXBuildFile; fileRef = 5AAA7D7A132A004900BFB384 /* TProtocol.h */; };
		5AAA7DB8132A00D000BFB384 /* TProtocolException.h in Headers */ = {isa = PBXBuildFile; fileRef = 5AAA7D7B132A004900BFB384 /* TProtocolException.h */; };
		5AAA7DB9132A00D000BFB384 /* TProtocolFactory.h in Headers */ = {isa = PBXBuildFile; fileRef = 5AAA7D7D132A004900BFB384 /* TProtocolFactory.h */; };
		5AAA7DBA132A00D000BFB384 /* TProtocolUtil.h in Headers */ = {isa = PBXBuildFile; fileRef = 5AAA7D7E132A004900BFB384 /* TProtocolUtil.h */; };
		5AAA7DC3132A010F00BFB384 /* TSharedProcessorFactory.m in Sources */ = {isa = PBXBuildFile; fileRef = 5AAA7D5E132A004900BFB384 /* TSharedProcessorFactory.m */; };
		5AAA7DC4132A010F00BFB384 /* THTTPClient.m in Sources */ = {isa = PBXBuildFile; fileRef = 5AAA7D62132A004900BFB384 /* THTTPClient.m */; };
		5AAA7DC5132A010F00BFB384 /* TMemoryBuffer.m in Sources */ = {isa = PBXBuildFile; fileRef = 5AAA7D64132A004900BFB384 /* TMemoryBuffer.m */; };
		5AAA7DC6132A010F00BFB384 /* TNSFileHandleTransport.m in Sources */ = {isa = PBXBuildFile; fileRef = 5AAA7D66132A004900BFB384 /* TNSFileHandleTransport.m */; };
		5AAA7DC7132A010F00BFB384 /* TNSStreamTransport.m in Sources */ = {isa = PBXBuildFile; fileRef = 5AAA7D68132A004900BFB384 /* TNSStreamTransport.m */; };
		5AAA7DC8132A010F00BFB384 /* TSocketClient.m in Sources */ = {isa = PBXBuildFile; fileRef = 5AAA7D6A132A004900BFB384 /* TSocketClient.m */; };
		5AAA7DC9132A010F00BFB384 /* TTransportException.m in Sources */ = {isa = PBXBuildFile; fileRef = 5AAA7D6D132A004900BFB384 /* TTransportException.m */; };
		5AAA7DCA132A010F00BFB384 /* TException.m in Sources */ = {isa = PBXBuildFile; fileRef = 5AAA7D70132A004900BFB384 /* TException.m */; };
		5AAA7DCB132A010F00BFB384 /* TApplicationException.m in Sources */ = {isa = PBXBuildFile; fileRef = 5AAA7D72132A004900BFB384 /* TApplicationException.m */; };
		5AAA7DCD132A010F00BFB384 /* TBinaryProtocol.m in Sources */ = {isa = PBXBuildFile; fileRef = 5AAA7D79132A004900BFB384 /* TBinaryProtocol.m */; };
		5AAA7DCE132A010F00BFB384 /* TProtocolException.m in Sources */ = {isa = PBXBuildFile; fileRef = 5AAA7D7C132A004900BFB384 /* TProtocolException.m */; };
		5AAA7DCF132A010F00BFB384 /* TProtocolUtil.m in Sources */ = {isa = PBXBuildFile; fileRef = 5AAA7D7F132A004900BFB384 /* TProtocolUtil.m */; };
		5AAA7F28132A90AE00BFB384 /* CoreFoundation.framework in Frameworks */ = {isa = PBXBuildFile; fileRef = 5AAA7F27132A90AE00BFB384 /* CoreFoundation.framework */; };
		8DC2EF530486A6940098B216 /* InfoPlist.strings in Resources */ = {isa = PBXBuildFile; fileRef = 089C1666FE841158C02AAC07 /* InfoPlist.strings */; };
		8DC2EF570486A6940098B216 /* Cocoa.framework in Frameworks */ = {isa = PBXBuildFile; fileRef = 1058C7B1FEA5585E11CA2CBB /* Cocoa.framework */; };
		BB179514139E781800D08032 /* TSocketServer.m in Sources */ = {isa = PBXBuildFile; fileRef = 5AAA7D76132A004900BFB384 /* TSocketServer.m */; };
/* End PBXBuildFile section */

/* Begin PBXFileReference section */
		0867D69BFE84028FC02AAC07 /* Foundation.framework */ = {isa = PBXFileReference; lastKnownFileType = wrapper.framework; name = Foundation.framework; path = /System/Library/Frameworks/Foundation.framework; sourceTree = "<absolute>"; };
		0867D6A5FE840307C02AAC07 /* AppKit.framework */ = {isa = PBXFileReference; lastKnownFileType = wrapper.framework; name = AppKit.framework; path = /System/Library/Frameworks/AppKit.framework; sourceTree = "<absolute>"; };
		089C1667FE841158C02AAC07 /* English */ = {isa = PBXFileReference; fileEncoding = 4; lastKnownFileType = text.plist.strings; name = English; path = English.lproj/InfoPlist.strings; sourceTree = "<group>"; };
		1058C7B1FEA5585E11CA2CBB /* Cocoa.framework */ = {isa = PBXFileReference; lastKnownFileType = wrapper.framework; name = Cocoa.framework; path = /System/Library/Frameworks/Cocoa.framework; sourceTree = "<absolute>"; };
		32DBCF5E0370ADEE00C91783 /* ThriftCocoaLibrary_Prefix.pch */ = {isa = PBXFileReference; fileEncoding = 4; lastKnownFileType = sourcecode.c.h; path = ThriftCocoaLibrary_Prefix.pch; sourceTree = "<group>"; };
		5AAA7D5E132A004900BFB384 /* TSharedProcessorFactory.m */ = {isa = PBXFileReference; fileEncoding = 4; lastKnownFileType = sourcecode.c.objc; path = TSharedProcessorFactory.m; sourceTree = "<group>"; };
		5AAA7D5F132A004900BFB384 /* TSharedProcessorFactory.h */ = {isa = PBXFileReference; fileEncoding = 4; lastKnownFileType = sourcecode.c.h; path = TSharedProcessorFactory.h; sourceTree = "<group>"; };
		5AAA7D61132A004900BFB384 /* THTTPClient.h */ = {isa = PBXFileReference; fileEncoding = 4; lastKnownFileType = sourcecode.c.h; path = THTTPClient.h; sourceTree = "<group>"; };
		5AAA7D62132A004900BFB384 /* THTTPClient.m */ = {isa = PBXFileReference; fileEncoding = 4; lastKnownFileType = sourcecode.c.objc; path = THTTPClient.m; sourceTree = "<group>"; };
		5AAA7D63132A004900BFB384 /* TMemoryBuffer.h */ = {isa = PBXFileReference; fileEncoding = 4; lastKnownFileType = sourcecode.c.h; path = TMemoryBuffer.h; sourceTree = "<group>"; };
		5AAA7D64132A004900BFB384 /* TMemoryBuffer.m */ = {isa = PBXFileReference; fileEncoding = 4; lastKnownFileType = sourcecode.c.objc; path = TMemoryBuffer.m; sourceTree = "<group>"; };
		5AAA7D65132A004900BFB384 /* TNSFileHandleTransport.h */ = {isa = PBXFileReference; fileEncoding = 4; lastKnownFileType = sourcecode.c.h; path = TNSFileHandleTransport.h; sourceTree = "<group>"; };
		5AAA7D66132A004900BFB384 /* TNSFileHandleTransport.m */ = {isa = PBXFileReference; fileEncoding = 4; lastKnownFileType = sourcecode.c.objc; path = TNSFileHandleTransport.m; sourceTree = "<group>"; };
		5AAA7D67132A004900BFB384 /* TNSStreamTransport.h */ = {isa = PBXFileReference; fileEncoding = 4; lastKnownFileType = sourcecode.c.h; path = TNSStreamTransport.h; sourceTree = "<group>"; };
		5AAA7D68132A004900BFB384 /* TNSStreamTransport.m */ = {isa = PBXFileReference; fileEncoding = 4; lastKnownFileType = sourcecode.c.objc; path = TNSStreamTransport.m; sourceTree = "<group>"; };
		5AAA7D69132A004900BFB384 /* TSocketClient.h */ = {isa = PBXFileReference; fileEncoding = 4; lastKnownFileType = sourcecode.c.h; path = TSocketClient.h; sourceTree = "<group>"; };
		5AAA7D6A132A004900BFB384 /* TSocketClient.m */ = {isa = PBXFileReference; fileEncoding = 4; lastKnownFileType = sourcecode.c.objc; path = TSocketClient.m; sourceTree = "<group>"; };
		5AAA7D6B132A004900BFB384 /* TTransport.h */ = {isa = PBXFileReference; fileEncoding = 4; lastKnownFileType = sourcecode.c.h; path = TTransport.h; sourceTree = "<group>"; };
		5AAA7D6C132A004900BFB384 /* TTransportException.h */ = {isa = PBXFileReference; fileEncoding = 4; lastKnownFileType = sourcecode.c.h; path = TTransportException.h; sourceTree = "<group>"; };
		5AAA7D6D132A004900BFB384 /* TTransportException.m */ = {isa = PBXFileReference; fileEncoding = 4; lastKnownFileType = sourcecode.c.objc; path = TTransportException.m; sourceTree = "<group>"; };
		5AAA7D6E132A004900BFB384 /* TProcessorFactory.h */ = {isa = PBXFileReference; fileEncoding = 4; lastKnownFileType = sourcecode.c.h; path = TProcessorFactory.h; sourceTree = "<group>"; };
		5AAA7D6F132A004900BFB384 /* TProcessor.h */ = {isa = PBXFileReference; fileEncoding = 4; lastKnownFileType = sourcecode.c.h; path = TProcessor.h; sourceTree = "<group>"; };
		5AAA7D70132A004900BFB384 /* TException.m */ = {isa = PBXFileReference; fileEncoding = 4; lastKnownFileType = sourcecode.c.objc; path = TException.m; sourceTree = "<group>"; };
		5AAA7D71132A004900BFB384 /* TException.h */ = {isa = PBXFileReference; fileEncoding = 4; lastKnownFileType = sourcecode.c.h; path = TException.h; sourceTree = "<group>"; };
		5AAA7D72132A004900BFB384 /* TApplicationException.m */ = {isa = PBXFileReference; fileEncoding = 4; lastKnownFileType = sourcecode.c.objc; path = TApplicationException.m; sourceTree = "<group>"; };
		5AAA7D73132A004900BFB384 /* TApplicationException.h */ = {isa = PBXFileReference; fileEncoding = 4; lastKnownFileType = sourcecode.c.h; path = TApplicationException.h; sourceTree = "<group>"; };
		5AAA7D75132A004900BFB384 /* TSocketServer.h */ = {isa = PBXFileReference; fileEncoding = 4; lastKnownFileType = sourcecode.c.h; path = TSocketServer.h; sourceTree = "<group>"; };
		5AAA7D76132A004900BFB384 /* TSocketServer.m */ = {isa = PBXFileReference; fileEncoding = 4; lastKnownFileType = sourcecode.c.objc; path = TSocketServer.m; sourceTree = "<group>"; };
		5AAA7D78132A004900BFB384 /* TBinaryProtocol.h */ = {isa = PBXFileReference; fileEncoding = 4; lastKnownFileType = sourcecode.c.h; path = TBinaryProtocol.h; sourceTree = "<group>"; };
		5AAA7D79132A004900BFB384 /* TBinaryProtocol.m */ = {isa = PBXFileReference; fileEncoding = 4; lastKnownFileType = sourcecode.c.objc; path = TBinaryProtocol.m; sourceTree = "<group>"; };
		5AAA7D7A132A004900BFB384 /* TProtocol.h */ = {isa = PBXFileReference; fileEncoding = 4; lastKnownFileType = sourcecode.c.h; path = TProtocol.h; sourceTree = "<group>"; };
		5AAA7D7B132A004900BFB384 /* TProtocolException.h */ = {isa = PBXFileReference; fileEncoding = 4; lastKnownFileType = sourcecode.c.h; path = TProtocolException.h; sourceTree = "<group>"; };
		5AAA7D7C132A004900BFB384 /* TProtocolException.m */ = {isa = PBXFileReference; fileEncoding = 4; lastKnownFileType = sourcecode.c.objc; path = TProtocolException.m; sourceTree = "<group>"; };
		5AAA7D7D132A004900BFB384 /* TProtocolFactory.h */ = {isa = PBXFileReference; fileEncoding = 4; lastKnownFileType = sourcecode.c.h; path = TProtocolFactory.h; sourceTree = "<group>"; };
		5AAA7D7E132A004900BFB384 /* TProtocolUtil.h */ = {isa = PBXFileReference; fileEncoding = 4; lastKnownFileType = sourcecode.c.h; path = TProtocolUtil.h; sourceTree = "<group>"; };
		5AAA7D7F132A004900BFB384 /* TProtocolUtil.m */ = {isa = PBXFileReference; fileEncoding = 4; lastKnownFileType = sourcecode.c.objc; path = TProtocolUtil.m; sourceTree = "<group>"; };
		5AAA7DA5132A00A800BFB384 /* libThriftTouchStaticLibrary.a */ = {isa = PBXFileReference; explicitFileType = archive.ar; includeInIndex = 0; path = libThriftTouchStaticLibrary.a; sourceTree = BUILT_PRODUCTS_DIR; };
		5AAA7F27132A90AE00BFB384 /* CoreFoundation.framework */ = {isa = PBXFileReference; lastKnownFileType = wrapper.framework; name = CoreFoundation.framework; path = System/Library/Frameworks/CoreFoundation.framework; sourceTree = SDKROOT; };
		8DC2EF5A0486A6940098B216 /* Info.plist */ = {isa = PBXFileReference; fileEncoding = 4; lastKnownFileType = text.plist.xml; path = Info.plist; sourceTree = "<group>"; };
		8DC2EF5B0486A6940098B216 /* ThriftCocoaLibrary.framework */ = {isa = PBXFileReference; explicitFileType = wrapper.framework; includeInIndex = 0; path = ThriftCocoaLibrary.framework; sourceTree = BUILT_PRODUCTS_DIR; };
		BB30F68013AEA5F6009C6901 /* UIKit.framework */ = {isa = PBXFileReference; lastKnownFileType = wrapper.framework; name = UIKit.framework; path = System/Library/Frameworks/UIKit.framework; sourceTree = SDKROOT; };
		BB30F68213AEA5F6009C6901 /* Foundation.framework */ = {isa = PBXFileReference; lastKnownFileType = wrapper.framework; name = Foundation.framework; path = System/Library/Frameworks/Foundation.framework; sourceTree = SDKROOT; };
		BB30F68413AEA5F6009C6901 /* CoreGraphics.framework */ = {isa = PBXFileReference; lastKnownFileType = wrapper.framework; name = CoreGraphics.framework; path = System/Library/Frameworks/CoreGraphics.framework; sourceTree = SDKROOT; };
		BBCA95AB1384567D00C3AF8A /* CopyFramework.py */ = {isa = PBXFileReference; lastKnownFileType = text.script.python; path = CopyFramework.py; sourceTree = "<group>"; };
		D2F7E79907B2D74100F64583 /* CoreData.framework */ = {isa = PBXFileReference; lastKnownFileType = wrapper.framework; name = CoreData.framework; path = /System/Library/Frameworks/CoreData.framework; sourceTree = "<absolute>"; };
/* End PBXFileReference section */

/* Begin PBXFrameworksBuildPhase section */
		5AAA7DA3132A00A800BFB384 /* Frameworks */ = {
			isa = PBXFrameworksBuildPhase;
			buildActionMask = 2147483647;
			files = (
			);
			runOnlyForDeploymentPostprocessing = 0;
		};
		8DC2EF560486A6940098B216 /* Frameworks */ = {
			isa = PBXFrameworksBuildPhase;
			buildActionMask = 2147483647;
			files = (
				8DC2EF570486A6940098B216 /* Cocoa.framework in Frameworks */,
				5AAA7F28132A90AE00BFB384 /* CoreFoundation.framework in Frameworks */,
			);
			runOnlyForDeploymentPostprocessing = 0;
		};
/* End PBXFrameworksBuildPhase section */

/* Begin PBXGroup section */
		034768DFFF38A50411DB9C8B /* Products */ = {
			isa = PBXGroup;
			children = (
				8DC2EF5B0486A6940098B216 /* ThriftCocoaLibrary.framework */,
			);
			name = Products;
			sourceTree = "<group>";
		};
		0867D691FE84028FC02AAC07 /* CocoaStaticLibrary */ = {
			isa = PBXGroup;
			children = (
				5AAA7DA5132A00A800BFB384 /* libThriftTouchStaticLibrary.a */,
				BBCA95A91384565600C3AF8A /* Scripts */,
				08FB77AEFE84172EC02AAC07 /* Classes */,
				32C88DFF0371C24200C91783 /* Other Sources */,
				089C1665FE841158C02AAC07 /* Resources */,
				0867D69AFE84028FC02AAC07 /* External Frameworks and Libraries */,
				BB30F67F13AEA5F6009C6901 /* Frameworks */,
				034768DFFF38A50411DB9C8B /* Products */,
			);
			name = CocoaStaticLibrary;
			sourceTree = "<group>";
		};
		0867D69AFE84028FC02AAC07 /* External Frameworks and Libraries */ = {
			isa = PBXGroup;
			children = (
				1058C7B0FEA5585E11CA2CBB /* Linked Frameworks */,
				1058C7B2FEA5585E11CA2CBB /* Other Frameworks */,
			);
			name = "External Frameworks and Libraries";
			sourceTree = "<group>";
		};
		089C1665FE841158C02AAC07 /* Resources */ = {
			isa = PBXGroup;
			children = (
				8DC2EF5A0486A6940098B216 /* Info.plist */,
				089C1666FE841158C02AAC07 /* InfoPlist.strings */,
			);
			name = Resources;
			sourceTree = "<group>";
		};
		08FB77AEFE84172EC02AAC07 /* Classes */ = {
			isa = PBXGroup;
			children = (
				5AAA7D5E132A004900BFB384 /* TSharedProcessorFactory.m */,
				5AAA7D5F132A004900BFB384 /* TSharedProcessorFactory.h */,
				5AAA7D60132A004900BFB384 /* transport */,
				5AAA7D6E132A004900BFB384 /* TProcessorFactory.h */,
				5AAA7D6F132A004900BFB384 /* TProcessor.h */,
				5AAA7D70132A004900BFB384 /* TException.m */,
				5AAA7D71132A004900BFB384 /* TException.h */,
				5AAA7D72132A004900BFB384 /* TApplicationException.m */,
				5AAA7D73132A004900BFB384 /* TApplicationException.h */,
				5AAA7D74132A004900BFB384 /* server */,
				5AAA7D77132A004900BFB384 /* protocol */,
			);
			name = Classes;
			sourceTree = "<group>";
		};
		1058C7B0FEA5585E11CA2CBB /* Linked Frameworks */ = {
			isa = PBXGroup;
			children = (
				1058C7B1FEA5585E11CA2CBB /* Cocoa.framework */,
			);
			name = "Linked Frameworks";
			sourceTree = "<group>";
		};
		1058C7B2FEA5585E11CA2CBB /* Other Frameworks */ = {
			isa = PBXGroup;
			children = (
				0867D6A5FE840307C02AAC07 /* AppKit.framework */,
				D2F7E79907B2D74100F64583 /* CoreData.framework */,
				0867D69BFE84028FC02AAC07 /* Foundation.framework */,
				5AAA7F27132A90AE00BFB384 /* CoreFoundation.framework */,
			);
			name = "Other Frameworks";
			sourceTree = "<group>";
		};
		32C88DFF0371C24200C91783 /* Other Sources */ = {
			isa = PBXGroup;
			children = (
				32DBCF5E0370ADEE00C91783 /* ThriftCocoaLibrary_Prefix.pch */,
			);
			name = "Other Sources";
			sourceTree = "<group>";
		};
		5AAA7D60132A004900BFB384 /* transport */ = {
			isa = PBXGroup;
			children = (
				5AAA7D61132A004900BFB384 /* THTTPClient.h */,
				5AAA7D62132A004900BFB384 /* THTTPClient.m */,
				5AAA7D63132A004900BFB384 /* TMemoryBuffer.h */,
				5AAA7D64132A004900BFB384 /* TMemoryBuffer.m */,
				5AAA7D65132A004900BFB384 /* TNSFileHandleTransport.h */,
				5AAA7D66132A004900BFB384 /* TNSFileHandleTransport.m */,
				5AAA7D67132A004900BFB384 /* TNSStreamTransport.h */,
				5AAA7D68132A004900BFB384 /* TNSStreamTransport.m */,
				5AAA7D69132A004900BFB384 /* TSocketClient.h */,
				5AAA7D6A132A004900BFB384 /* TSocketClient.m */,
				5AAA7D6B132A004900BFB384 /* TTransport.h */,
				5AAA7D6C132A004900BFB384 /* TTransportException.h */,
				5AAA7D6D132A004900BFB384 /* TTransportException.m */,
			);
			path = transport;
			sourceTree = "<group>";
		};
		5AAA7D74132A004900BFB384 /* server */ = {
			isa = PBXGroup;
			children = (
				5AAA7D75132A004900BFB384 /* TSocketServer.h */,
				5AAA7D76132A004900BFB384 /* TSocketServer.m */,
			);
			path = server;
			sourceTree = "<group>";
		};
		5AAA7D77132A004900BFB384 /* protocol */ = {
			isa = PBXGroup;
			children = (
				5AAA7D78132A004900BFB384 /* TBinaryProtocol.h */,
				5AAA7D79132A004900BFB384 /* TBinaryProtocol.m */,
				5AAA7D7A132A004900BFB384 /* TProtocol.h */,
				5AAA7D7B132A004900BFB384 /* TProtocolException.h */,
				5AAA7D7C132A004900BFB384 /* TProtocolException.m */,
				5AAA7D7D132A004900BFB384 /* TProtocolFactory.h */,
				5AAA7D7E132A004900BFB384 /* TProtocolUtil.h */,
				5AAA7D7F132A004900BFB384 /* TProtocolUtil.m */,
			);
			path = protocol;
			sourceTree = "<group>";
		};
		BB30F67F13AEA5F6009C6901 /* Frameworks */ = {
			isa = PBXGroup;
			children = (
				BB30F68013AEA5F6009C6901 /* UIKit.framework */,
				BB30F68213AEA5F6009C6901 /* Foundation.framework */,
				BB30F68413AEA5F6009C6901 /* CoreGraphics.framework */,
			);
			name = Frameworks;
			sourceTree = "<group>";
		};
		BBCA95A91384565600C3AF8A /* Scripts */ = {
			isa = PBXGroup;
			children = (
				BBCA95AB1384567D00C3AF8A /* CopyFramework.py */,
			);
			path = Scripts;
			sourceTree = "<group>";
		};
/* End PBXGroup section */

/* Begin PBXHeadersBuildPhase section */
		5AAA7DA1132A00A800BFB384 /* Headers */ = {
			isa = PBXHeadersBuildPhase;
			buildActionMask = 2147483647;
			files = (
				5AAA7DA9132A00D000BFB384 /* TSharedProcessorFactory.h in Headers */,
				5AAA7DAA132A00D000BFB384 /* THTTPClient.h in Headers */,
				5AAA7DAB132A00D000BFB384 /* TMemoryBuffer.h in Headers */,
				5AAA7DAC132A00D000BFB384 /* TNSFileHandleTransport.h in Headers */,
				5AAA7DAD132A00D000BFB384 /* TNSStreamTransport.h in Headers */,
				5AAA7DAE132A00D000BFB384 /* TSocketClient.h in Headers */,
				5AAA7DAF132A00D000BFB384 /* TTransport.h in Headers */,
				5AAA7DB0132A00D000BFB384 /* TTransportException.h in Headers */,
				5AAA7DB1132A00D000BFB384 /* TProcessorFactory.h in Headers */,
				5AAA7DB2132A00D000BFB384 /* TProcessor.h in Headers */,
				5AAA7DB3132A00D000BFB384 /* TException.h in Headers */,
				5AAA7DB4132A00D000BFB384 /* TApplicationException.h in Headers */,
				5AAA7DB6132A00D000BFB384 /* TBinaryProtocol.h in Headers */,
				5AAA7DB7132A00D000BFB384 /* TProtocol.h in Headers */,
				5AAA7DB8132A00D000BFB384 /* TProtocolException.h in Headers */,
				5AAA7DB9132A00D000BFB384 /* TProtocolFactory.h in Headers */,
				5AAA7DBA132A00D000BFB384 /* TProtocolUtil.h in Headers */,
				5AAA7DB5132A00D000BFB384 /* TSocketServer.h in Headers */,
			);
			runOnlyForDeploymentPostprocessing = 0;
		};
		8DC2EF500486A6940098B216 /* Headers */ = {
			isa = PBXHeadersBuildPhase;
			buildActionMask = 2147483647;
			files = (
				5AAA7D81132A004900BFB384 /* TSharedProcessorFactory.h in Headers */,
				5AAA7D82132A004900BFB384 /* THTTPClient.h in Headers */,
				5AAA7D84132A004900BFB384 /* TMemoryBuffer.h in Headers */,
				5AAA7D86132A004900BFB384 /* TNSFileHandleTransport.h in Headers */,
				5AAA7D88132A004900BFB384 /* TNSStreamTransport.h in Headers */,
				5AAA7D8A132A004900BFB384 /* TSocketClient.h in Headers */,
				5AAA7D8C132A004900BFB384 /* TTransport.h in Headers */,
				5AAA7D8D132A004900BFB384 /* TTransportException.h in Headers */,
				5AAA7D8F132A004900BFB384 /* TProcessorFactory.h in Headers */,
				5AAA7D90132A004900BFB384 /* TProcessor.h in Headers */,
				5AAA7D92132A004900BFB384 /* TException.h in Headers */,
				5AAA7D94132A004900BFB384 /* TApplicationException.h in Headers */,
				5AAA7D97132A004900BFB384 /* TBinaryProtocol.h in Headers */,
				5AAA7D99132A004900BFB384 /* TProtocol.h in Headers */,
				5AAA7D9A132A004900BFB384 /* TProtocolException.h in Headers */,
				5AAA7D9C132A004900BFB384 /* TProtocolFactory.h in Headers */,
				5AAA7D9D132A004900BFB384 /* TProtocolUtil.h in Headers */,
			);
			runOnlyForDeploymentPostprocessing = 0;
		};
/* End PBXHeadersBuildPhase section */

/* Begin PBXNativeTarget section */
		5AAA7DA4132A00A800BFB384 /* ThriftTouchStaticLibrary */ = {
			isa = PBXNativeTarget;
			buildConfigurationList = 5AAA7DA8132A00AC00BFB384 /* Build configuration list for PBXNativeTarget "ThriftTouchStaticLibrary" */;
			buildPhases = (
				5AAA7DA1132A00A800BFB384 /* Headers */,
				5AAA7DA2132A00A800BFB384 /* Sources */,
				5AAA7DA3132A00A800BFB384 /* Frameworks */,
			);
			buildRules = (
			);
			dependencies = (
			);
			name = ThriftTouchStaticLibrary;
			productName = ThriftTouchStaticLibrary;
			productReference = 5AAA7DA5132A00A800BFB384 /* libThriftTouchStaticLibrary.a */;
			productType = "com.apple.product-type.library.static";
		};
		8DC2EF4F0486A6940098B216 /* ThriftCocoaLibrary */ = {
			isa = PBXNativeTarget;
			buildConfigurationList = 1DEB91AD08733DA50010E9CD /* Build configuration list for PBXNativeTarget "ThriftCocoaLibrary" */;
			buildPhases = (
				8DC2EF500486A6940098B216 /* Headers */,
				8DC2EF520486A6940098B216 /* Resources */,
				8DC2EF540486A6940098B216 /* Sources */,
				8DC2EF560486A6940098B216 /* Frameworks */,
				BBCA95AC1384603300C3AF8A /* ShellScript */,
			);
			buildRules = (
			);
			dependencies = (
			);
			name = ThriftCocoaLibrary;
			productInstallPath = "$(HOME)/Library/Frameworks";
			productName = CocoaStaticLibrary;
			productReference = 8DC2EF5B0486A6940098B216 /* ThriftCocoaLibrary.framework */;
			productType = "com.apple.product-type.framework";
		};
/* End PBXNativeTarget section */

/* Begin PBXProject section */
		0867D690FE84028FC02AAC07 /* Project object */ = {
			isa = PBXProject;
			buildConfigurationList = 1DEB91B108733DA50010E9CD /* Build configuration list for PBXProject "ThriftCocoaLibrary" */;
			compatibilityVersion = "Xcode 3.1";
			developmentRegion = English;
			hasScannedForEncodings = 1;
			knownRegions = (
				English,
				Japanese,
				French,
				German,
				en,
			);
			mainGroup = 0867D691FE84028FC02AAC07 /* CocoaStaticLibrary */;
			productRefGroup = 034768DFFF38A50411DB9C8B /* Products */;
			projectDirPath = "";
			projectRoot = "";
			targets = (
				8DC2EF4F0486A6940098B216 /* ThriftCocoaLibrary */,
				5AAA7DA4132A00A800BFB384 /* ThriftTouchStaticLibrary */,
			);
		};
/* End PBXProject section */

/* Begin PBXResourcesBuildPhase section */
		8DC2EF520486A6940098B216 /* Resources */ = {
			isa = PBXResourcesBuildPhase;
			buildActionMask = 2147483647;
			files = (
				8DC2EF530486A6940098B216 /* InfoPlist.strings in Resources */,
			);
			runOnlyForDeploymentPostprocessing = 0;
		};
/* End PBXResourcesBuildPhase section */

/* Begin PBXShellScriptBuildPhase section */
		BBCA95AC1384603300C3AF8A /* ShellScript */ = {
			isa = PBXShellScriptBuildPhase;
			buildActionMask = 2147483647;
			files = (
			);
			inputPaths = (
			);
			outputPaths = (
			);
			runOnlyForDeploymentPostprocessing = 0;
			shellPath = /bin/sh;
			shellScript = /Users/skamuter/Code/TripAdvisor/ETGit/mobile/ios/barcelona/thrift/Scripts/CopyFramework.py;
		};
/* End PBXShellScriptBuildPhase section */

/* Begin PBXSourcesBuildPhase section */
		5AAA7DA2132A00A800BFB384 /* Sources */ = {
			isa = PBXSourcesBuildPhase;
			buildActionMask = 2147483647;
			files = (
				5AAA7DC3132A010F00BFB384 /* TSharedProcessorFactory.m in Sources */,
				5AAA7DC4132A010F00BFB384 /* THTTPClient.m in Sources */,
				5AAA7DC5132A010F00BFB384 /* TMemoryBuffer.m in Sources */,
				5AAA7DC6132A010F00BFB384 /* TNSFileHandleTransport.m in Sources */,
				5AAA7DC7132A010F00BFB384 /* TNSStreamTransport.m in Sources */,
				5AAA7DC8132A010F00BFB384 /* TSocketClient.m in Sources */,
				5AAA7DC9132A010F00BFB384 /* TTransportException.m in Sources */,
				5AAA7DCA132A010F00BFB384 /* TException.m in Sources */,
				5AAA7DCB132A010F00BFB384 /* TApplicationException.m in Sources */,
				5AAA7DCD132A010F00BFB384 /* TBinaryProtocol.m in Sources */,
				5AAA7DCE132A010F00BFB384 /* TProtocolException.m in Sources */,
				5AAA7DCF132A010F00BFB384 /* TProtocolUtil.m in Sources */,
				BB179514139E781800D08032 /* TSocketServer.m in Sources */,
			);
			runOnlyForDeploymentPostprocessing = 0;
		};
		8DC2EF540486A6940098B216 /* Sources */ = {
			isa = PBXSourcesBuildPhase;
			buildActionMask = 2147483647;
			files = (
				5AAA7D80132A004900BFB384 /* TSharedProcessorFactory.m in Sources */,
				5AAA7D83132A004900BFB384 /* THTTPClient.m in Sources */,
				5AAA7D85132A004900BFB384 /* TMemoryBuffer.m in Sources */,
				5AAA7D87132A004900BFB384 /* TNSFileHandleTransport.m in Sources */,
				5AAA7D89132A004900BFB384 /* TNSStreamTransport.m in Sources */,
				5AAA7D8B132A004900BFB384 /* TSocketClient.m in Sources */,
				5AAA7D8E132A004900BFB384 /* TTransportException.m in Sources */,
				5AAA7D91132A004900BFB384 /* TException.m in Sources */,
				5AAA7D93132A004900BFB384 /* TApplicationException.m in Sources */,
				5AAA7D98132A004900BFB384 /* TBinaryProtocol.m in Sources */,
				5AAA7D9B132A004900BFB384 /* TProtocolException.m in Sources */,
				5AAA7D9E132A004900BFB384 /* TProtocolUtil.m in Sources */,
			);
			runOnlyForDeploymentPostprocessing = 0;
		};
/* End PBXSourcesBuildPhase section */

/* Begin PBXVariantGroup section */
		089C1666FE841158C02AAC07 /* InfoPlist.strings */ = {
			isa = PBXVariantGroup;
			children = (
				089C1667FE841158C02AAC07 /* English */,
			);
			name = InfoPlist.strings;
			sourceTree = "<group>";
		};
/* End PBXVariantGroup section */

/* Begin XCBuildConfiguration section */
		1DEB91AE08733DA50010E9CD /* Debug */ = {
			isa = XCBuildConfiguration;
			buildSettings = {
				ALWAYS_SEARCH_USER_PATHS = NO;
				ARCHS = "$(NATIVE_ARCH_ACTUAL)";
				COPY_PHASE_STRIP = NO;
				DEPLOYMENT_LOCATION = NO;
				DSTROOT = "/tmp/$(PROJECT_NAME).dst";
				DYLIB_COMPATIBILITY_VERSION = 1;
				DYLIB_CURRENT_VERSION = 1;
				FRAMEWORK_VERSION = A;
				GCC_DYNAMIC_NO_PIC = NO;
				GCC_ENABLE_FIX_AND_CONTINUE = YES;
				GCC_ENABLE_OBJC_GC = supported;
				GCC_MODEL_TUNING = G5;
				GCC_OPTIMIZATION_LEVEL = 0;
				GCC_PRECOMPILE_PREFIX_HEADER = YES;
				GCC_PREFIX_HEADER = ThriftCocoaLibrary_Prefix.pch;
				INFOPLIST_FILE = Info.plist;
				INSTALL_PATH = "$(HOME)/Library/Frameworks";
				PRODUCT_NAME = ThriftCocoaLibrary;
				SDKROOT = macosx;
				WRAPPER_EXTENSION = framework;
			};
			name = Debug;
		};
		1DEB91AF08733DA50010E9CD /* Release */ = {
			isa = XCBuildConfiguration;
			buildSettings = {
				ALWAYS_SEARCH_USER_PATHS = NO;
				ARCHS = "$(NATIVE_ARCH_ACTUAL)";
				DEBUG_INFORMATION_FORMAT = "dwarf-with-dsym";
				DEPLOYMENT_LOCATION = NO;
				DSTROOT = "/tmp/$(PROJECT_NAME).dst";
				DYLIB_COMPATIBILITY_VERSION = 1;
				DYLIB_CURRENT_VERSION = 1;
				FRAMEWORK_VERSION = A;
				GCC_ENABLE_OBJC_GC = supported;
				GCC_MODEL_TUNING = G5;
				GCC_PRECOMPILE_PREFIX_HEADER = YES;
				GCC_PREFIX_HEADER = ThriftCocoaLibrary_Prefix.pch;
				INFOPLIST_FILE = Info.plist;
				INSTALL_PATH = "$(HOME)/Library/Frameworks";
				PRODUCT_NAME = ThriftCocoaLibrary;
				SDKROOT = macosx;
				WRAPPER_EXTENSION = framework;
			};
			name = Release;
		};
		1DEB91B208733DA50010E9CD /* Debug */ = {
			isa = XCBuildConfiguration;
			buildSettings = {
				ARCHS = "$(ARCHS_STANDARD_32_BIT)";
				GCC_C_LANGUAGE_STANDARD = gnu99;
				GCC_OPTIMIZATION_LEVEL = 0;
				GCC_WARN_ABOUT_RETURN_TYPE = YES;
				GCC_WARN_UNUSED_VARIABLE = YES;
				IPHONEOS_DEPLOYMENT_TARGET = 4.0;
				ONLY_ACTIVE_ARCH = YES;
				PREBINDING = NO;
				SDKROOT = iphoneos4.2;
			};
			name = Debug;
		};
		1DEB91B308733DA50010E9CD /* Release */ = {
			isa = XCBuildConfiguration;
			buildSettings = {
				ARCHS = "$(ARCHS_STANDARD_32_BIT)";
				GCC_C_LANGUAGE_STANDARD = gnu99;
				GCC_WARN_ABOUT_RETURN_TYPE = YES;
				GCC_WARN_UNUSED_VARIABLE = YES;
				IPHONEOS_DEPLOYMENT_TARGET = 4.0;
				PREBINDING = NO;
				SDKROOT = iphoneos4.2;
			};
			name = Release;
		};
		5AAA7DA6132A00A800BFB384 /* Debug */ = {
			isa = XCBuildConfiguration;
			buildSettings = {
				ALWAYS_SEARCH_USER_PATHS = NO;
				CODE_SIGN_IDENTITY = "iPhone Developer: Joost Schreve (29YT446PHD)";
				COPY_PHASE_STRIP = NO;
				GCC_DYNAMIC_NO_PIC = NO;
				GCC_OPTIMIZATION_LEVEL = 0;
				IPHONEOS_DEPLOYMENT_TARGET = 4.0;
				ONLY_ACTIVE_ARCH = NO;
				PREBINDING = NO;
				PRODUCT_NAME = ThriftTouchStaticLibrary;
				PROVISIONING_PROFILE = "5A9CA021-2248-43DD-A398-2A6FC8FBE265";
				SDKROOT = iphoneos;
			};
			name = Debug;
		};
		5AAA7DA7132A00A800BFB384 /* Release */ = {
			isa = XCBuildConfiguration;
			buildSettings = {
				ALWAYS_SEARCH_USER_PATHS = NO;
				CODE_SIGN_IDENTITY = "iPhone Developer: Joost Schreve (29YT446PHD)";
				COPY_PHASE_STRIP = YES;
				DEBUG_INFORMATION_FORMAT = "dwarf-with-dsym";
				GCC_ENABLE_FIX_AND_CONTINUE = NO;
				IPHONEOS_DEPLOYMENT_TARGET = 4.0;
				PREBINDING = NO;
				PRODUCT_NAME = ThriftTouchStaticLibrary;
				PROVISIONING_PROFILE = "5A9CA021-2248-43DD-A398-2A6FC8FBE265";
				SDKROOT = iphoneos;
				ZERO_LINK = NO;
			};
			name = Release;
		};
/* End XCBuildConfiguration section */

/* Begin XCConfigurationList section */
		1DEB91AD08733DA50010E9CD /* Build configuration list for PBXNativeTarget "ThriftCocoaLibrary" */ = {
			isa = XCConfigurationList;
			buildConfigurations = (
				1DEB91AE08733DA50010E9CD /* Debug */,
				1DEB91AF08733DA50010E9CD /* Release */,
			);
			defaultConfigurationIsVisible = 0;
			defaultConfigurationName = Release;
		};
		1DEB91B108733DA50010E9CD /* Build configuration list for PBXProject "ThriftCocoaLibrary" */ = {
			isa = XCConfigurationList;
			buildConfigurations = (
				1DEB91B208733DA50010E9CD /* Debug */,
				1DEB91B308733DA50010E9CD /* Release */,
			);
			defaultConfigurationIsVisible = 0;
			defaultConfigurationName = Release;
		};
		5AAA7DA8132A00AC00BFB384 /* Build configuration list for PBXNativeTarget "ThriftTouchStaticLibrary" */ = {
			isa = XCConfigurationList;
			buildConfigurations = (
				5AAA7DA6132A00A800BFB384 /* Debug */,
				5AAA7DA7132A00A800BFB384 /* Release */,
			);
			defaultConfigurationIsVisible = 0;
			defaultConfigurationName = Release;
		};
/* End XCConfigurationList section */
	};
	rootObject = 0867D690FE84028FC02AAC07 /* Project object */;
}
